// !$*UTF8*$!
{
	archiveVersion = 1;
	classes = {
	};
	objectVersion = 77;
	objects = {

/* Begin PBXContainerItemProxy section */
		A05877A32FB8007E00CA5D96 /* PBXContainerItemProxy */ = {
			isa = PBXContainerItemProxy;
			containerPortal = A058778B2FB8007D00CA5D96 /* Project object */;
			proxyType = 1;
			remoteGlobalIDString = A05877922FB8007D00CA5D96;
			remoteInfo = "TM-Ebook_Converter";
		};
		A05877AD2FB8007E00CA5D96 /* PBXContainerItemProxy */ = {
			isa = PBXContainerItemProxy;
			containerPortal = A058778B2FB8007D00CA5D96 /* Project object */;
			proxyType = 1;
			remoteGlobalIDString = A05877922FB8007D00CA5D96;
			remoteInfo = "TM-Ebook_Converter";
		};
/* End PBXContainerItemProxy section */

/* Begin PBXFileReference section */
		A05877932FB8007D00CA5D96 /* M4B Forge.app */ = {isa = PBXFileReference; explicitFileType = wrapper.application; includeInIndex = 0; path = "M4B Forge.app"; sourceTree = BUILT_PRODUCTS_DIR; };
		A05877A22FB8007E00CA5D96 /* TM-Ebook_ConverterTests.xctest */ = {isa = PBXFileReference; explicitFileType = wrapper.cfbundle; includeInIndex = 0; path = "TM-Ebook_ConverterTests.xctest"; sourceTree = BUILT_PRODUCTS_DIR; };
		A05877AC2FB8007E00CA5D96 /* TM-Ebook_ConverterUITests.xctest */ = {isa = PBXFileReference; explicitFileType = wrapper.cfbundle; includeInIndex = 0; path = "TM-Ebook_ConverterUITests.xctest"; sourceTree = BUILT_PRODUCTS_DIR; };
/* End PBXFileReference section */

/* Begin PBXFileSystemSynchronizedRootGroup section */
		A05877952FB8007D00CA5D96 /* TM-Ebook_Converter */ = {
			isa = PBXFileSystemSynchronizedRootGroup;
			path = "TM-Ebook_Converter";
			sourceTree = "<group>";
		};
		A05877A52FB8007E00CA5D96 /* TM-Ebook_ConverterTests */ = {
			isa = PBXFileSystemSynchronizedRootGroup;
			path = "TM-Ebook_ConverterTests";
			sourceTree = "<group>";
		};
		A05877AF2FB8007E00CA5D96 /* TM-Ebook_ConverterUITests */ = {
			isa = PBXFileSystemSynchronizedRootGroup;
			path = "TM-Ebook_ConverterUITests";
			sourceTree = "<group>";
		};
/* End PBXFileSystemSynchronizedRootGroup section */

/* Begin PBXFrameworksBuildPhase section */
		A05877902FB8007D00CA5D96 /* Frameworks */ = {
			isa = PBXFrameworksBuildPhase;
			buildActionMask = 2147483647;
			files = (
			);
			runOnlyForDeploymentPostprocessing = 0;
		};
		A058779F2FB8007E00CA5D96 /* Frameworks */ = {
			isa = PBXFrameworksBuildPhase;
			buildActionMask = 2147483647;
			files = (
			);
			runOnlyForDeploymentPostprocessing = 0;
		};
		A05877A92FB8007E00CA5D96 /* Frameworks */ = {
			isa = PBXFrameworksBuildPhase;
			buildActionMask = 2147483647;
			files = (
			);
			runOnlyForDeploymentPostprocessing = 0;
		};
/* End PBXFrameworksBuildPhase section */

/* Begin PBXGroup section */
		A058778A2FB8007D00CA5D96 = {
			isa = PBXGroup;
			children = (
				A05877952FB8007D00CA5D96 /* TM-Ebook_Converter */,
				A05877A52FB8007E00CA5D96 /* TM-Ebook_ConverterTests */,
				A05877AF2FB8007E00CA5D96 /* TM-Ebook_ConverterUITests */,
				A05877942FB8007D00CA5D96 /* Products */,
			);
			sourceTree = "<group>";
		};
		A05877942FB8007D00CA5D96 /* Products */ = {
			isa = PBXGroup;
			children = (
				A05877932FB8007D00CA5D96 /* M4B Forge.app */,
				A05877A22FB8007E00CA5D96 /* TM-Ebook_ConverterTests.xctest */,
				A05877AC2FB8007E00CA5D96 /* TM-Ebook_ConverterUITests.xctest */,
			);
			name = Products;
			sourceTree = "<group>";
		};
/* End PBXGroup section */

/* Begin PBXNativeTarget section */
		A05877922FB8007D00CA5D96 /* TM-Ebook_Converter */ = {
			isa = PBXNativeTarget;
			buildConfigurationList = A05877B62FB8007E00CA5D96 /* Build configuration list for PBXNativeTarget "TM-Ebook_Converter" */;
			buildPhases = (
				A058778F2FB8007D00CA5D96 /* Sources */,
				A05877902FB8007D00CA5D96 /* Frameworks */,
				A05877912FB8007D00CA5D96 /* Resources */,
				B4F001002FB93A0000010001 /* Copy FFmpeg Tools */,
			);
			buildRules = (
			);
			dependencies = (
			);
			fileSystemSynchronizedGroups = (
				A05877952FB8007D00CA5D96 /* TM-Ebook_Converter */,
			);
			name = "TM-Ebook_Converter";
			packageProductDependencies = (
			);
			productName = "TM-Ebook_Converter";
			productReference = A05877932FB8007D00CA5D96 /* M4B Forge.app */;
			productType = "com.apple.product-type.application";
		};
		A05877A12FB8007E00CA5D96 /* TM-Ebook_ConverterTests */ = {
			isa = PBXNativeTarget;
			buildConfigurationList = A05877B92FB8007E00CA5D96 /* Build configuration list for PBXNativeTarget "TM-Ebook_ConverterTests" */;
			buildPhases = (
				A058779E2FB8007E00CA5D96 /* Sources */,
				A058779F2FB8007E00CA5D96 /* Frameworks */,
				A05877A02FB8007E00CA5D96 /* Resources */,
			);
			buildRules = (
			);
			dependencies = (
				A05877A42FB8007E00CA5D96 /* PBXTargetDependency */,
			);
			fileSystemSynchronizedGroups = (
				A05877A52FB8007E00CA5D96 /* TM-Ebook_ConverterTests */,
			);
			name = "TM-Ebook_ConverterTests";
			packageProductDependencies = (
			);
			productName = "TM-Ebook_ConverterTests";
			productReference = A05877A22FB8007E00CA5D96 /* TM-Ebook_ConverterTests.xctest */;
			productType = "com.apple.product-type.bundle.unit-test";
		};
		A05877AB2FB8007E00CA5D96 /* TM-Ebook_ConverterUITests */ = {
			isa = PBXNativeTarget;
			buildConfigurationList = A05877BC2FB8007E00CA5D96 /* Build configuration list for PBXNativeTarget "TM-Ebook_ConverterUITests" */;
			buildPhases = (
				A05877A82FB8007E00CA5D96 /* Sources */,
				A05877A92FB8007E00CA5D96 /* Frameworks */,
				A05877AA2FB8007E00CA5D96 /* Resources */,
			);
			buildRules = (
			);
			dependencies = (
				A05877AE2FB8007E00CA5D96 /* PBXTargetDependency */,
			);
			fileSystemSynchronizedGroups = (
				A05877AF2FB8007E00CA5D96 /* TM-Ebook_ConverterUITests */,
			);
			name = "TM-Ebook_ConverterUITests";
			packageProductDependencies = (
			);
			productName = "TM-Ebook_ConverterUITests";
			productReference = A05877AC2FB8007E00CA5D96 /* TM-Ebook_ConverterUITests.xctest */;
			productType = "com.apple.product-type.bundle.ui-testing";
		};
/* End PBXNativeTarget section */

/* Begin PBXProject section */
		A058778B2FB8007D00CA5D96 /* Project object */ = {
			isa = PBXProject;
			attributes = {
				BuildIndependentTargetsInParallel = 1;
				LastSwiftUpdateCheck = 2650;
				LastUpgradeCheck = 2650;
				TargetAttributes = {
					A05877922FB8007D00CA5D96 = {
						CreatedOnToolsVersion = 26.5;
					};
					A05877A12FB8007E00CA5D96 = {
						CreatedOnToolsVersion = 26.5;
						TestTargetID = A05877922FB8007D00CA5D96;
					};
					A05877AB2FB8007E00CA5D96 = {
						CreatedOnToolsVersion = 26.5;
						TestTargetID = A05877922FB8007D00CA5D96;
					};
				};
			};
			buildConfigurationList = A058778E2FB8007D00CA5D96 /* Build configuration list for PBXProject "TM-Ebook_Converter" */;
			developmentRegion = en;
			hasScannedForEncodings = 0;
			knownRegions = (
				en,
				Base,
			);
			mainGroup = A058778A2FB8007D00CA5D96;
			minimizedProjectReferenceProxies = 1;
			preferredProjectObjectVersion = 77;
			productRefGroup = A05877942FB8007D00CA5D96 /* Products */;
			projectDirPath = "";
			projectRoot = "";
			targets = (
				A05877922FB8007D00CA5D96 /* TM-Ebook_Converter */,
				A05877A12FB8007E00CA5D96 /* TM-Ebook_ConverterTests */,
				A05877AB2FB8007E00CA5D96 /* TM-Ebook_ConverterUITests */,
			);
		};
/* End PBXProject section */

/* Begin PBXResourcesBuildPhase section */
		A05877912FB8007D00CA5D96 /* Resources */ = {
			isa = PBXResourcesBuildPhase;
			buildActionMask = 2147483647;
			files = (
			);
			runOnlyForDeploymentPostprocessing = 0;
		};
		A05877A02FB8007E00CA5D96 /* Resources */ = {
			isa = PBXResourcesBuildPhase;
			buildActionMask = 2147483647;
			files = (
			);
			runOnlyForDeploymentPostprocessing = 0;
		};
		A05877AA2FB8007E00CA5D96 /* Resources */ = {
			isa = PBXResourcesBuildPhase;
			buildActionMask = 2147483647;
			files = (
			);
			runOnlyForDeploymentPostprocessing = 0;
		};
/* End PBXResourcesBuildPhase section */

/* Begin PBXShellScriptBuildPhase section */
		B4F001002FB93A0000010001 /* Copy FFmpeg Tools */ = {
			isa = PBXShellScriptBuildPhase;
			alwaysOutOfDate = 1;
			buildActionMask = 2147483647;
			files = (
			);
			inputFileListPaths = (
			);
			inputPaths = (
				"$(SRCROOT)/TM-Ebook_Converter/Resources/Tools/ffmpeg",
				"$(SRCROOT)/TM-Ebook_Converter/Resources/Tools/ffprobe",
			);
			name = "Copy FFmpeg Tools";
			outputFileListPaths = (
			);
			outputPaths = (
				"$(TARGET_BUILD_DIR)/$(UNLOCALIZED_RESOURCES_FOLDER_PATH)/Tools/ffmpeg",
				"$(TARGET_BUILD_DIR)/$(UNLOCALIZED_RESOURCES_FOLDER_PATH)/Tools/ffprobe",
			);
			runOnlyForDeploymentPostprocessing = 0;
			shellPath = /bin/sh;
			shellScript = "set -eu\nTOOLS_SRC=\"$SRCROOT/TM_Ebook_Converter/Resources/Tools\"\nif [ ! -d \"$TOOLS_SRC\" ]; then\n  TOOLS_SRC=\"$SRCROOT/TM-Ebook_Converter/Resources/Tools\"\nfi\nTOOLS_DST=\"$TARGET_BUILD_DIR/$UNLOCALIZED_RESOURCES_FOLDER_PATH/Tools\"\nmkdir -p \"$TOOLS_DST\"\nfor tool in ffmpeg ffprobe; do\n  source_path=\"\"\n  if [ -x \"$TOOLS_SRC/$tool\" ]; then\n    source_path=\"$TOOLS_SRC/$tool\"\n  elif command -v \"$tool\" >/dev/null 2>&1; then\n    source_path=\"$(command -v \"$tool\")\"\n  elif [ -x \"/opt/homebrew/bin/$tool\" ]; then\n    source_path=\"/opt/homebrew/bin/$tool\"\n  elif [ -x \"/usr/local/bin/$tool\" ]; then\n    source_path=\"/usr/local/bin/$tool\"\n  else\n    echo \"error: Missing $tool. Install with: brew install ffmpeg\" >&2\n    exit 1\n  fi\n  cp -fL \"$source_path\" \"$TOOLS_DST/$tool\"\n  chmod 755 \"$TOOLS_DST/$tool\"\ndone\n";
		};
/* End PBXShellScriptBuildPhase section */

/* Begin PBXSourcesBuildPhase section */
		A058778F2FB8007D00CA5D96 /* Sources */ = {
			isa = PBXSourcesBuildPhase;
			buildActionMask = 2147483647;
			files = (
			);
			runOnlyForDeploymentPostprocessing = 0;
		};
		A058779E2FB8007E00CA5D96 /* Sources */ = {
			isa = PBXSourcesBuildPhase;
			buildActionMask = 2147483647;
			files = (
			);
			runOnlyForDeploymentPostprocessing = 0;
		};
		A05877A82FB8007E00CA5D96 /* Sources */ = {
			isa = PBXSourcesBuildPhase;
			buildActionMask = 2147483647;
			files = (
			);
			runOnlyForDeploymentPostprocessing = 0;
		};
/* End PBXSourcesBuildPhase section */

/* Begin PBXTargetDependency section */
		A05877A42FB8007E00CA5D96 /* PBXTargetDependency */ = {
			isa = PBXTargetDependency;
			target = A05877922FB8007D00CA5D96 /* TM-Ebook_Converter */;
			targetProxy = A05877A32FB8007E00CA5D96 /* PBXContainerItemProxy */;
		};
		A05877AE2FB8007E00CA5D96 /* PBXTargetDependency */ = {
			isa = PBXTargetDependency;
			target = A05877922FB8007D00CA5D96 /* TM-Ebook_Converter */;
			targetProxy = A05877AD2FB8007E00CA5D96 /* PBXContainerItemProxy */;
		};
/* End PBXTargetDependency section */

/* Begin XCBuildConfiguration section */
		A05877B42FB8007E00CA5D96 /* Debug */ = {
			isa = XCBuildConfiguration;
			buildSettings = {
				ALWAYS_SEARCH_USER_PATHS = NO;
				ASSETCATALOG_COMPILER_GENERATE_SWIFT_ASSET_SYMBOL_EXTENSIONS = YES;
				CLANG_ANALYZER_NONNULL = YES;
				CLANG_ANALYZER_NUMBER_OBJECT_CONVERSION = YES_AGGRESSIVE;
				CLANG_CXX_LANGUAGE_STANDARD = "gnu++20";
				CLANG_ENABLE_MODULES = YES;
				CLANG_ENABLE_OBJC_ARC = YES;
				CLANG_ENABLE_OBJC_WEAK = YES;
				CLANG_WARN_BLOCK_CAPTURE_AUTORELEASING = YES;
				CLANG_WARN_BOOL_CONVERSION = YES;
				CLANG_WARN_COMMA = YES;
				CLANG_WARN_CONSTANT_CONVERSION = YES;
				CLANG_WARN_DEPRECATED_OBJC_IMPLEMENTATIONS = YES;
				CLANG_WARN_DIRECT_OBJC_ISA_USAGE = YES_ERROR;
				CLANG_WARN_DOCUMENTATION_COMMENTS = YES;
				CLANG_WARN_EMPTY_BODY = YES;
				CLANG_WARN_ENUM_CONVERSION = YES;
				CLANG_WARN_INFINITE_RECURSION = YES;
				CLANG_WARN_INT_CONVERSION = YES;
				CLANG_WARN_NON_LITERAL_NULL_CONVERSION = YES;
				CLANG_WARN_OBJC_IMPLICIT_RETAIN_SELF = YES;
				CLANG_WARN_OBJC_LITERAL_CONVERSION = YES;
				CLANG_WARN_OBJC_ROOT_CLASS = YES_ERROR;
				CLANG_WARN_QUOTED_INCLUDE_IN_FRAMEWORK_HEADER = YES;
				CLANG_WARN_RANGE_LOOP_ANALYSIS = YES;
				CLANG_WARN_STRICT_PROTOTYPES = YES;
				CLANG_WARN_SUSPICIOUS_MOVE = YES;
				CLANG_WARN_UNGUARDED_AVAILABILITY = YES_AGGRESSIVE;
				CLANG_WARN_UNREACHABLE_CODE = YES;
				CLANG_WARN__DUPLICATE_METHOD_MATCH = YES;
				COPY_PHASE_STRIP = NO;
				DEBUG_INFORMATION_FORMAT = dwarf;
				DEVELOPMENT_TEAM = MM7WM753D6;
				ENABLE_STRICT_OBJC_MSGSEND = YES;
				ENABLE_TESTABILITY = YES;
				ENABLE_USER_SCRIPT_SANDBOXING = YES;
				GCC_C_LANGUAGE_STANDARD = gnu17;
				GCC_DYNAMIC_NO_PIC = NO;
				GCC_NO_COMMON_BLOCKS = YES;
				GCC_OPTIMIZATION_LEVEL = 0;
				GCC_PREPROCESSOR_DEFINITIONS = (
					"DEBUG=1",
					"$(inherited)",
				);
				GCC_WARN_64_TO_32_BIT_CONVERSION = YES;
				GCC_WARN_ABOUT_RETURN_TYPE = YES_ERROR;
				GCC_WARN_UNDECLARED_SELECTOR = YES;
				GCC_WARN_UNINITIALIZED_AUTOS = YES_AGGRESSIVE;
				GCC_WARN_UNUSED_FUNCTION = YES;
				GCC_WARN_UNUSED_VARIABLE = YES;
				LOCALIZATION_PREFERS_STRING_CATALOGS = YES;
				MACOSX_DEPLOYMENT_TARGET = 14.0;
				MTL_ENABLE_DEBUG_INFO = INCLUDE_SOURCE;
				MTL_FAST_MATH = YES;
				ONLY_ACTIVE_ARCH = YES;
				SDKROOT = macosx;
				SWIFT_ACTIVE_COMPILATION_CONDITIONS = "DEBUG $(inherited)";
				SWIFT_OPTIMIZATION_LEVEL = "-Onone";
			};
			name = Debug;
		};
		A05877B52FB8007E00CA5D96 /* Release */ = {
			isa = XCBuildConfiguration;
			buildSettings = {
				ALWAYS_SEARCH_USER_PATHS = NO;
				ASSETCATALOG_COMPILER_GENERATE_SWIFT_ASSET_SYMBOL_EXTENSIONS = YES;
				CLANG_ANALYZER_NONNULL = YES;
				CLANG_ANALYZER_NUMBER_OBJECT_CONVERSION = YES_AGGRESSIVE;
				CLANG_CXX_LANGUAGE_STANDARD = "gnu++20";
				CLANG_ENABLE_MODULES = YES;
				CLANG_ENABLE_OBJC_ARC = YES;
				CLANG_ENABLE_OBJC_WEAK = YES;
				CLANG_WARN_BLOCK_CAPTURE_AUTORELEASING = YES;
				CLANG_WARN_BOOL_CONVERSION = YES;
				CLANG_WARN_COMMA = YES;
				CLANG_WARN_CONSTANT_CONVERSION = YES;
				CLANG_WARN_DEPRECATED_OBJC_IMPLEMENTATIONS = YES;
				CLANG_WARN_DIRECT_OBJC_ISA_USAGE = YES_ERROR;
				CLANG_WARN_DOCUMENTATION_COMMENTS = YES;
				CLANG_WARN_EMPTY_BODY = YES;
				CLANG_WARN_ENUM_CONVERSION = YES;
				CLANG_WARN_INFINITE_RECURSION = YES;
				CLANG_WARN_INT_CONVERSION = YES;
				CLANG_WARN_NON_LITERAL_NULL_CONVERSION = YES;
				CLANG_WARN_OBJC_IMPLICIT_RETAIN_SELF = YES;
				CLANG_WARN_OBJC_LITERAL_CONVERSION = YES;
				CLANG_WARN_OBJC_ROOT_CLASS = YES_ERROR;
				CLANG_WARN_QUOTED_INCLUDE_IN_FRAMEWORK_HEADER = YES;
				CLANG_WARN_RANGE_LOOP_ANALYSIS = YES;
				CLANG_WARN_STRICT_PROTOTYPES = YES;
				CLANG_WARN_SUSPICIOUS_MOVE = YES;
				CLANG_WARN_UNGUARDED_AVAILABILITY = YES_AGGRESSIVE;
				CLANG_WARN_UNREACHABLE_CODE = YES;
				CLANG_WARN__DUPLICATE_METHOD_MATCH = YES;
				COPY_PHASE_STRIP = NO;
				DEBUG_INFORMATION_FORMAT = "dwarf-with-dsym";
				DEVELOPMENT_TEAM = MM7WM753D6;
				ENABLE_NS_ASSERTIONS = NO;
				ENABLE_STRICT_OBJC_MSGSEND = YES;
				ENABLE_USER_SCRIPT_SANDBOXING = YES;
				GCC_C_LANGUAGE_STANDARD = gnu17;
				GCC_NO_COMMON_BLOCKS = YES;
				GCC_WARN_64_TO_32_BIT_CONVERSION = YES;
				GCC_WARN_ABOUT_RETURN_TYPE = YES_ERROR;
				GCC_WARN_UNDECLARED_SELECTOR = YES;
				GCC_WARN_UNINITIALIZED_AUTOS = YES_AGGRESSIVE;
				GCC_WARN_UNUSED_FUNCTION = YES;
				GCC_WARN_UNUSED_VARIABLE = YES;
				LOCALIZATION_PREFERS_STRING_CATALOGS = YES;
				MACOSX_DEPLOYMENT_TARGET = 14.0;
				MTL_ENABLE_DEBUG_INFO = NO;
				MTL_FAST_MATH = YES;
				SDKROOT = macosx;
				SWIFT_COMPILATION_MODE = wholemodule;
			};
			name = Release;
		};
		A05877B72FB8007E00CA5D96 /* Debug */ = {
			isa = XCBuildConfiguration;
			buildSettings = {
				ASSETCATALOG_COMPILER_APPICON_NAME = AppIcon;
				ASSETCATALOG_COMPILER_GLOBAL_ACCENT_COLOR_NAME = AccentColor;
				CODE_SIGN_STYLE = Automatic;
				COMBINE_HIDPI_IMAGES = YES;
				CURRENT_PROJECT_VERSION = 1;
				DEVELOPMENT_TEAM = MM7WM753D6;
				ENABLE_APP_SANDBOX = YES;
				ENABLE_FILE_ACCESS_DOWNLOADS_FOLDER = readwrite;
				ENABLE_HARDENED_RUNTIME = YES;
				ENABLE_PREVIEWS = YES;
				ENABLE_USER_SELECTED_FILES = readwrite;
				GENERATE_INFOPLIST_FILE = YES;
				INFOPLIST_KEY_LSApplicationCategoryType = "public.app-category.utilities";
				INFOPLIST_KEY_NSHumanReadableCopyright = "";
				LD_RUNPATH_SEARCH_PATHS = (
					"$(inherited)",
					"@executable_path/../Frameworks",
				);
				MARKETING_VERSION = 1.0;
				PRODUCT_BUNDLE_IDENTIFIER = "com.techmore.m4b-forge";
				PRODUCT_NAME = "M4B Forge";
				REGISTER_APP_GROUPS = YES;
				STRING_CATALOG_GENERATE_SYMBOLS = YES;
				SWIFT_APPROACHABLE_CONCURRENCY = YES;
				SWIFT_DEFAULT_ACTOR_ISOLATION = MainActor;
				SWIFT_EMIT_LOC_STRINGS = YES;
				SWIFT_UPCOMING_FEATURE_MEMBER_IMPORT_VISIBILITY = YES;
				SWIFT_VERSION = 5.0;
			};
			name = Debug;
		};
		A05877B82FB8007E00CA5D96 /* Release */ = {
			isa = XCBuildConfiguration;
			buildSettings = {
				ASSETCATALOG_COMPILER_APPICON_NAME = AppIcon;
				ASSETCATALOG_COMPILER_GLOBAL_ACCENT_COLOR_NAME = AccentColor;
				CODE_SIGN_STYLE = Automatic;
				COMBINE_HIDPI_IMAGES = YES;
				CURRENT_PROJECT_VERSION = 1;
				DEVELOPMENT_TEAM = MM7WM753D6;
				ENABLE_APP_SANDBOX = YES;
				ENABLE_FILE_ACCESS_DOWNLOADS_FOLDER = readwrite;
				ENABLE_HARDENED_RUNTIME = YES;
				ENABLE_PREVIEWS = YES;
				ENABLE_USER_SELECTED_FILES = readwrite;
				GENERATE_INFOPLIST_FILE = YES;
				INFOPLIST_KEY_LSApplicationCategoryType = "public.app-category.utilities";
				INFOPLIST_KEY_NSHumanReadableCopyright = "";
				LD_RUNPATH_SEARCH_PATHS = (
					"$(inherited)",
					"@executable_path/../Frameworks",
				);
				MARKETING_VERSION = 1.0;
				PRODUCT_BUNDLE_IDENTIFIER = "com.techmore.m4b-forge";
				PRODUCT_NAME = "M4B Forge";
				REGISTER_APP_GROUPS = YES;
				STRING_CATALOG_GENERATE_SYMBOLS = YES;
				SWIFT_APPROACHABLE_CONCURRENCY = YES;
				SWIFT_DEFAULT_ACTOR_ISOLATION = MainActor;
				SWIFT_EMIT_LOC_STRINGS = YES;
				SWIFT_UPCOMING_FEATURE_MEMBER_IMPORT_VISIBILITY = YES;
				SWIFT_VERSION = 5.0;
			};
			name = Release;
		};
		A05877BA2FB8007E00CA5D96 /* Debug */ = {
			isa = XCBuildConfiguration;
			buildSettings = {
				BUNDLE_LOADER = "$(TEST_HOST)";
				CODE_SIGN_STYLE = Automatic;
				CURRENT_PROJECT_VERSION = 1;
				DEVELOPMENT_TEAM = MM7WM753D6;
				GENERATE_INFOPLIST_FILE = YES;
				MACOSX_DEPLOYMENT_TARGET = 14.0;
				MARKETING_VERSION = 1.0;
				PRODUCT_BUNDLE_IDENTIFIER = "com.techmore.org.TM-Ebook-ConverterTests";
				PRODUCT_NAME = "$(TARGET_NAME)";
				STRING_CATALOG_GENERATE_SYMBOLS = NO;
				SWIFT_APPROACHABLE_CONCURRENCY = YES;
				SWIFT_EMIT_LOC_STRINGS = NO;
				SWIFT_UPCOMING_FEATURE_MEMBER_IMPORT_VISIBILITY = YES;
				SWIFT_VERSION = 5.0;
				TEST_HOST = "$(BUILT_PRODUCTS_DIR)/M4B Forge.app/$(BUNDLE_EXECUTABLE_FOLDER_PATH)/M4B Forge";
			};
			name = Debug;
		};
		A05877BB2FB8007E00CA5D96 /* Release */ = {
			isa = XCBuildConfiguration;
			buildSettings = {
				BUNDLE_LOADER = "$(TEST_HOST)";
				CODE_SIGN_STYLE = Automatic;
				CURRENT_PROJECT_VERSION = 1;
				DEVELOPMENT_TEAM = MM7WM753D6;
				GENERATE_INFOPLIST_FILE = YES;
				MACOSX_DEPLOYMENT_TARGET = 14.0;
				MARKETING_VERSION = 1.0;
				PRODUCT_BUNDLE_IDENTIFIER = "com.techmore.org.TM-Ebook-ConverterTests";
				PRODUCT_NAME = "$(TARGET_NAME)";
				STRING_CATALOG_GENERATE_SYMBOLS = NO;
				SWIFT_APPROACHABLE_CONCURRENCY = YES;
				SWIFT_EMIT_LOC_STRINGS = NO;
				SWIFT_UPCOMING_FEATURE_MEMBER_IMPORT_VISIBILITY = YES;
				SWIFT_VERSION = 5.0;
				TEST_HOST = "$(BUILT_PRODUCTS_DIR)/M4B Forge.app/$(BUNDLE_EXECUTABLE_FOLDER_PATH)/M4B Forge";
			};
			name = Release;
		};
		A05877BD2FB8007E00CA5D96 /* Debug */ = {
			isa = XCBuildConfiguration;
			buildSettings = {
				CODE_SIGN_STYLE = Automatic;
				CURRENT_PROJECT_VERSION = 1;
				DEVELOPMENT_TEAM = MM7WM753D6;
				GENERATE_INFOPLIST_FILE = YES;
				MARKETING_VERSION = 1.0;
				PRODUCT_BUNDLE_IDENTIFIER = "com.techmore.org.TM-Ebook-ConverterUITests";
				PRODUCT_NAME = "$(TARGET_NAME)";
				STRING_CATALOG_GENERATE_SYMBOLS = NO;
				SWIFT_APPROACHABLE_CONCURRENCY = YES;
				SWIFT_EMIT_LOC_STRINGS = NO;
				SWIFT_UPCOMING_FEATURE_MEMBER_IMPORT_VISIBILITY = YES;
				SWIFT_VERSION = 5.0;
				TEST_TARGET_NAME = "TM-Ebook_Converter";
			};
			name = Debug;
		};
		A05877BE2FB8007E00CA5D96 /* Release */ = {
			isa = XCBuildConfiguration;
			buildSettings = {
				CODE_SIGN_STYLE = Automatic;
				CURRENT_PROJECT_VERSION = 1;
				DEVELOPMENT_TEAM = MM7WM753D6;
				GENERATE_INFOPLIST_FILE = YES;
				MARKETING_VERSION = 1.0;
				PRODUCT_BUNDLE_IDENTIFIER = "com.techmore.org.TM-Ebook-ConverterUITests";
				PRODUCT_NAME = "$(TARGET_NAME)";
				STRING_CATALOG_GENERATE_SYMBOLS = NO;
				SWIFT_APPROACHABLE_CONCURRENCY = YES;
				SWIFT_EMIT_LOC_STRINGS = NO;
				SWIFT_UPCOMING_FEATURE_MEMBER_IMPORT_VISIBILITY = YES;
				SWIFT_VERSION = 5.0;
				TEST_TARGET_NAME = "TM-Ebook_Converter";
			};
			name = Release;
		};
/* End XCBuildConfiguration section */

/* Begin XCConfigurationList section */
		A058778E2FB8007D00CA5D96 /* Build configuration list for PBXProject "TM-Ebook_Converter" */ = {
			isa = XCConfigurationList;
			buildConfigurations = (
				A05877B42FB8007E00CA5D96 /* Debug */,
				A05877B52FB8007E00CA5D96 /* Release */,
			);
			defaultConfigurationIsVisible = 0;
			defaultConfigurationName = Release;
		};
		A05877B62FB8007E00CA5D96 /* Build configuration list for PBXNativeTarget "TM-Ebook_Converter" */ = {
			isa = XCConfigurationList;
			buildConfigurations = (
				A05877B72FB8007E00CA5D96 /* Debug */,
				A05877B82FB8007E00CA5D96 /* Release */,
			);
			defaultConfigurationIsVisible = 0;
			defaultConfigurationName = Release;
		};
		A05877B92FB8007E00CA5D96 /* Build configuration list for PBXNativeTarget "TM-Ebook_ConverterTests" */ = {
			isa = XCConfigurationList;
			buildConfigurations = (
				A05877BA2FB8007E00CA5D96 /* Debug */,
				A05877BB2FB8007E00CA5D96 /* Release */,
			);
			defaultConfigurationIsVisible = 0;
			defaultConfigurationName = Release;
		};
		A05877BC2FB8007E00CA5D96 /* Build configuration list for PBXNativeTarget "TM-Ebook_ConverterUITests" */ = {
			isa = XCConfigurationList;
			buildConfigurations = (
				A05877BD2FB8007E00CA5D96 /* Debug */,
				A05877BE2FB8007E00CA5D96 /* Release */,
			);
			defaultConfigurationIsVisible = 0;
			defaultConfigurationName = Release;
		};
/* End XCConfigurationList section */
	};
	rootObject = A058778B2FB8007D00CA5D96 /* Project object */;
}
